
Microsoft Visual Studio Solution File, Format Version 12.00
# Visual Studio 15
VisualStudioVersion = 15.0.28307.329
MinimumVisualStudioVersion = 10.0.40219.1
Project("{FAE04EC0-301F-11D3-BF4B-00C04F79EFBC}") = "DrugStore", "DrugStore\DrugStore.csproj", "{A4E077C3-7EC9-4EF0-946D-D6663B27529F}"
EndProject
Project("{FAE04EC0-301F-11D3-BF4B-00C04F79EFBC}") = "Client", "Client\Client.csproj", "{F8C0A636-E227-4365-B3C8-831A4D64A658}"
EndProject
Global
	GlobalSection(SolutionConfigurationPlatforms) = preSolution
		Debug|Any CPU = Debug|Any CPU
		Release|Any CPU = Release|Any CPU
	EndGlobalSection
	GlobalSection(ProjectConfigurationPlatforms) = postSolution
		{A4E077C3-7EC9-4EF0-946D-D6663B27529F}.Debug|Any CPU.ActiveCfg = Debug|Any CPU
		{A4E077C3-7EC9-4EF0-946D-D6663B27529F}.Debug|Any CPU.Build.0 = Debug|Any CPU
		{A4E077C3-7EC9-4EF0-946D-D6663B27529F}.Release|Any CPU.ActiveCfg = Release|Any CPU
		{A4E077C3-7EC9-4EF0-946D-D6663B27529F}.Release|Any CPU.Build.0 = Release|Any CPU
		{F8C0A636-E227-4365-B3C8-831A4D64A658}.Debug|Any CPU.ActiveCfg = Debug|Any CPU
		{F8C0A636-E227-4365-B3C8-831A4D64A658}.Debug|Any CPU.Build.0 = Debug|Any CPU
		{F8C0A636-E227-4365-B3C8-831A4D64A658}.Release|Any CPU.ActiveCfg = Release|Any CPU
		{F8C0A636-E227-4365-B3C8-831A4D64A658}.Release|Any CPU.Build.0 = Release|Any CPU
	EndGlobalSection
	GlobalSection(SolutionProperties) = preSolution
		HideSolutionNode = FALSE
	EndGlobalSection
	GlobalSection(ExtensibilityGlobals) = postSolution
		SolutionGuid = {0E5BBF6B-F302-44C5-988B-91BE47B23F33}
	EndGlobalSection
EndGlobal
